// !$*UTF8*$!
{
	archiveVersion = 1;
	classes = {
	};
	objectVersion = 46;
	objects = {

/* Begin PBXBuildFile section */
		33DAF2741C167B0B0067BB4D /* main.m in Sources */ = {isa = PBXBuildFile; fileRef = 33DAF2731C167B0B0067BB4D /* main.m */; };
		33DAF2771C167B0B0067BB4D /* AppDelegate.m in Sources */ = {isa = PBXBuildFile; fileRef = 33DAF2761C167B0B0067BB4D /* AppDelegate.m */; };
		33DAF27A1C167B0B0067BB4D /* ViewController.m in Sources */ = {isa = PBXBuildFile; fileRef = 33DAF2791C167B0B0067BB4D /* ViewController.m */; };
		33DAF27D1C167B0B0067BB4D /* Main.storyboard in Resources */ = {isa = PBXBuildFile; fileRef = 33DAF27B1C167B0B0067BB4D /* Main.storyboard */; };
		33DAF27F1C167B0B0067BB4D /* Assets.xcassets in Resources */ = {isa = PBXBuildFile; fileRef = 33DAF27E1C167B0B0067BB4D /* Assets.xcassets */; };
		33DAF2821C167B0B0067BB4D /* LaunchScreen.storyboard in Resources */ = {isa = PBXBuildFile; fileRef = 33DAF2801C167B0B0067BB4D /* LaunchScreen.storyboard */; };
		33DAF28D1C167B0B0067BB4D /* test01Tests.m in Sources */ = {isa = PBXBuildFile; fileRef = 33DAF28C1C167B0B0067BB4D /* test01Tests.m */; };
		33DAF2981C167B0B0067BB4D /* test01UITests.m in Sources */ = {isa = PBXBuildFile; fileRef = 33DAF2971C167B0B0067BB4D /* test01UITests.m */; };
/* End PBXBuildFile section */

/* Begin PBXContainerItemProxy section */
		33DAF2891C167B0B0067BB4D /* PBXContainerItemProxy */ = {
			isa = PBXContainerItemProxy;
			containerPortal = 33DAF2671C167B0B0067BB4D /* Project object */;
			proxyType = 1;
			remoteGlobalIDString = 33DAF26E1C167B0B0067BB4D;
			remoteInfo = test01;
		};
		33DAF2941C167B0B0067BB4D /* PBXContainerItemProxy */ = {
			isa = PBXContainerItemProxy;
			containerPortal = 33DAF2671C167B0B0067BB4D /* Project object */;
			proxyType = 1;
			remoteGlobalIDString = 33DAF26E1C167B0B0067BB4D;
			remoteInfo = test01;
		};
/* End PBXContainerItemProxy section */

/* Begin PBXFileReference section */
		33DAF26F1C167B0B0067BB4D /* test01.app */ = {isa = PBXFileReference; explicitFileType = wrapper.application; includeInIndex = 0; path = test01.app; sourceTree = BUILT_PRODUCTS_DIR; };
		33DAF2731C167B0B0067BB4D /* main.m */ = {isa = PBXFileReference; lastKnownFileType = sourcecode.c.objc; path = main.m; sourceTree = "<group>"; };
		33DAF2751C167B0B0067BB4D /* AppDelegate.h */ = {isa = PBXFileReference; lastKnownFileType = sourcecode.c.h; path = AppDelegate.h; sourceTree = "<group>"; };
		33DAF2761C167B0B0067BB4D /* AppDelegate.m */ = {isa = PBXFileReference; lastKnownFileType = sourcecode.c.objc; path = AppDelegate.m; sourceTree = "<group>"; };
		33DAF2781C167B0B0067BB4D /* ViewController.h */ = {isa = PBXFileReference; lastKnownFileType = sourcecode.c.h; path = ViewController.h; sourceTree = "<group>"; };
		33DAF2791C167B0B0067BB4D /* ViewController.m */ = {isa = PBXFileReference; lastKnownFileType = sourcecode.c.objc; path = ViewController.m; sourceTree = "<group>"; };
		33DAF27C1C167B0B0067BB4D /* Base */ = {isa = PBXFileReference; lastKnownFileType = file.storyboard; name = Base; path = Base.lproj/Main.storyboard; sourceTree = "<group>"; };
		33DAF27E1C167B0B0067BB4D /* Assets.xcassets */ = {isa = PBXFileReference; lastKnownFileType = folder.assetcatalog; path = Assets.xcassets; sourceTree = "<group>"; };
		33DAF2811C167B0B0067BB4D /* Base */ = {isa = PBXFileReference; lastKnownFileType = file.storyboard; name = Base; path = Base.lproj/LaunchScreen.storyboard; sourceTree = "<group>"; };
		33DAF2831C167B0B0067BB4D /* Info.plist */ = {isa = PBXFileReference; lastKnownFileType = text.plist.xml; path = Info.plist; sourceTree = "<group>"; };
		33DAF2881C167B0B0067BB4D /* test01Tests.xctest */ = {isa = PBXFileReference; explicitFileType = wrapper.cfbundle; includeInIndex = 0; path = test01Tests.xctest; sourceTree = BUILT_PRODUCTS_DIR; };
		33DAF28C1C167B0B0067BB4D /* test01Tests.m */ = {isa = PBXFileReference; lastKnownFileType = sourcecode.c.objc; path = test01Tests.m; sourceTree = "<group>"; };
		33DAF28E1C167B0B0067BB4D /* Info.plist */ = {isa = PBXFileReference; lastKnownFileType = text.plist.xml; path = Info.plist; sourceTree = "<group>"; };
		33DAF2931C167B0B0067BB4D /* test01UITests.xctest */ = {isa = PBXFileReference; explicitFileType = wrapper.cfbundle; includeInIndex = 0; path = test01UITests.xctest; sourceTree = BUILT_PRODUCTS_DIR; };
		33DAF2971C167B0B0067BB4D /* test01UITests.m */ = {isa = PBXFileReference; lastKnownFileType = sourcecode.c.objc; path = test01UITests.m; sourceTree = "<group>"; };
		33DAF2991C167B0B0067BB4D /* Info.plist */ = {isa = PBXFileReference; lastKnownFileType = text.plist.xml; path = Info.plist; sourceTree = "<group>"; };
/* End PBXFileReference section */

/* Begin PBXFrameworksBuildPhase section */
		33DAF26C1C167B0B0067BB4D /* Frameworks */ = {
			isa = PBXFrameworksBuildPhase;
			buildActionMask = 2147483647;
			files = (
			);
			runOnlyForDeploymentPostprocessing = 0;
		};
		33DAF2851C167B0B0067BB4D /* Frameworks */ = {
			isa = PBXFrameworksBuildPhase;
			buildActionMask = 2147483647;
			files = (
			);
			runOnlyForDeploymentPostprocessing = 0;
		};
		33DAF2901C167B0B0067BB4D /* Frameworks */ = {
			isa = PBXFrameworksBuildPhase;
			buildActionMask = 2147483647;
			files = (
			);
			runOnlyForDeploymentPostprocessing = 0;
		};
/* End PBXFrameworksBuildPhase section */

/* Begin PBXGroup section */
		33DAF2661C167B0B0067BB4D = {
			isa = PBXGroup;
			children = (
				33DAF2711C167B0B0067BB4D /* test01 */,
				33DAF28B1C167B0B0067BB4D /* test01Tests */,
				33DAF2961C167B0B0067BB4D /* test01UITests */,
				33DAF2701C167B0B0067BB4D /* Products */,
			);
			sourceTree = "<group>";
		};
		33DAF2701C167B0B0067BB4D /* Products */ = {
			isa = PBXGroup;
			children = (
				33DAF26F1C167B0B0067BB4D /* test01.app */,
				33DAF2881C167B0B0067BB4D /* test01Tests.xctest */,
				33DAF2931C167B0B0067BB4D /* test01UITests.xctest */,
			);
			name = Products;
			sourceTree = "<group>";
		};
		33DAF2711C167B0B0067BB4D /* test01 */ = {
			isa = PBXGroup;
			children = (
				33DAF2751C167B0B0067BB4D /* AppDelegate.h */,
				33DAF2761C167B0B0067BB4D /* AppDelegate.m */,
				33DAF2781C167B0B0067BB4D /* ViewController.h */,
				33DAF2791C167B0B0067BB4D /* ViewController.m */,
				33DAF27B1C167B0B0067BB4D /* Main.storyboard */,
				33DAF27E1C167B0B0067BB4D /* Assets.xcassets */,
				33DAF2801C167B0B0067BB4D /* LaunchScreen.storyboard */,
				33DAF2831C167B0B0067BB4D /* Info.plist */,
				33DAF2721C167B0B0067BB4D /* Supporting Files */,
			);
			path = test01;
			sourceTree = "<group>";
		};
		33DAF2721C167B0B0067BB4D /* Supporting Files */ = {
			isa = PBXGroup;
			children = (
				33DAF2731C167B0B0067BB4D /* main.m */,
			);
			name = "Supporting Files";
			sourceTree = "<group>";
		};
		33DAF28B1C167B0B0067BB4D /* test01Tests */ = {
			isa = PBXGroup;
			children = (
				33DAF28C1C167B0B0067BB4D /* test01Tests.m */,
				33DAF28E1C167B0B0067BB4D /* Info.plist */,
			);
			path = test01Tests;
			sourceTree = "<group>";
		};
		33DAF2961C167B0B0067BB4D /* test01UITests */ = {
			isa = PBXGroup;
			children = (
				33DAF2971C167B0B0067BB4D /* test01UITests.m */,
				33DAF2991C167B0B0067BB4D /* Info.plist */,
			);
			path = test01UITests;
			sourceTree = "<group>";
		};
/* End PBXGroup section */

/* Begin PBXNativeTarget section */
		33DAF26E1C167B0B0067BB4D /* test01 */ = {
			isa = PBXNativeTarget;
			buildConfigurationList = 33DAF29C1C167B0B0067BB4D /* Build configuration list for PBXNativeTarget "test01" */;
			buildPhases = (
				33DAF26B1C167B0B0067BB4D /* Sources */,
				33DAF26C1C167B0B0067BB4D /* Frameworks */,
				33DAF26D1C167B0B0067BB4D /* Resources */,
			);
			buildRules = (
			);
			dependencies = (
			);
			name = test01;
			productName = test01;
			productReference = 33DAF26F1C167B0B0067BB4D /* test01.app */;
			productType = "com.apple.product-type.application";
		};
		33DAF2871C167B0B0067BB4D /* test01Tests */ = {
			isa = PBXNativeTarget;
			buildConfigurationList = 33DAF29F1C167B0B0067BB4D /* Build configuration list for PBXNativeTarget "test01Tests" */;
			buildPhases = (
				33DAF2841C167B0B0067BB4D /* Sources */,
				33DAF2851C167B0B0067BB4D /* Frameworks */,
				33DAF2861C167B0B0067BB4D /* Resources */,
			);
			buildRules = (
			);
			dependencies = (
				33DAF28A1C167B0B0067BB4D /* PBXTargetDependency */,
			);
			name = test01Tests;
			productName = test01Tests;
			productReference = 33DAF2881C167B0B0067BB4D /* test01Tests.xctest */;
			productType = "com.apple.product-type.bundle.unit-test";
		};
		33DAF2921C167B0B0067BB4D /* test01UITests */ = {
			isa = PBXNativeTarget;
			buildConfigurationList = 33DAF2A21C167B0B0067BB4D /* Build configuration list for PBXNativeTarget "test01UITests" */;
			buildPhases = (
				33DAF28F1C167B0B0067BB4D /* Sources */,
				33DAF2901C167B0B0067BB4D /* Frameworks */,
				33DAF2911C167B0B0067BB4D /* Resources */,
			);
			buildRules = (
			);
			dependencies = (
				33DAF2951C167B0B0067BB4D /* PBXTargetDependency */,
			);
			name = test01UITests;
			productName = test01UITests;
			productReference = 33DAF2931C167B0B0067BB4D /* test01UITests.xctest */;
			productType = "com.apple.product-type.bundle.ui-testing";
		};
/* End PBXNativeTarget section */

/* Begin PBXProject section */
		33DAF2671C167B0B0067BB4D /* Project object */ = {
			isa = PBXProject;
			attributes = {
				LastUpgradeCheck = 0710;
				ORGANIZATIONNAME = NQP;
				TargetAttributes = {
					33DAF26E1C167B0B0067BB4D = {
						CreatedOnToolsVersion = 7.1.1;
						DevelopmentTeam = TNZDAL2SWF;
					};
					33DAF2871C167B0B0067BB4D = {
						CreatedOnToolsVersion = 7.1.1;
						DevelopmentTeam = TNZDAL2SWF;
						TestTargetID = 33DAF26E1C167B0B0067BB4D;
					};
					33DAF2921C167B0B0067BB4D = {
						CreatedOnToolsVersion = 7.1.1;
						DevelopmentTeam = TNZDAL2SWF;
						TestTargetID = 33DAF26E1C167B0B0067BB4D;
					};
				};
			};
			buildConfigurationList = 33DAF26A1C167B0B0067BB4D /* Build configuration list for PBXProject "test01" */;
			compatibilityVersion = "Xcode 3.2";
			developmentRegion = English;
			hasScannedForEncodings = 0;
			knownRegions = (
				en,
				Base,
			);
			mainGroup = 33DAF2661C167B0B0067BB4D;
			productRefGroup = 33DAF2701C167B0B0067BB4D /* Products */;
			projectDirPath = "";
			projectRoot = "";
			targets = (
				33DAF26E1C167B0B0067BB4D /* test01 */,
				33DAF2871C167B0B0067BB4D /* test01Tests */,
				33DAF2921C167B0B0067BB4D /* test01UITests */,
			);
		};
/* End PBXProject section */

/* Begin PBXResourcesBuildPhase section */
		33DAF26D1C167B0B0067BB4D /* Resources */ = {
			isa = PBXResourcesBuildPhase;
			buildActionMask = 2147483647;
			files = (
				33DAF2821C167B0B0067BB4D /* LaunchScreen.storyboard in Resources */,
				33DAF27F1C167B0B0067BB4D /* Assets.xcassets in Resources */,
				33DAF27D1C167B0B0067BB4D /* Main.storyboard in Resources */,
			);
			runOnlyForDeploymentPostprocessing = 0;
		};
		33DAF2861C167B0B0067BB4D /* Resources */ = {
			isa = PBXResourcesBuildPhase;
			buildActionMask = 2147483647;
			files = (
			);
			runOnlyForDeploymentPostprocessing = 0;
		};
		33DAF2911C167B0B0067BB4D /* Resources */ = {
			isa = PBXResourcesBuildPhase;
			buildActionMask = 2147483647;
			files = (
			);
			runOnlyForDeploymentPostprocessing = 0;
		};
/* End PBXResourcesBuildPhase section */

/* Begin PBXSourcesBuildPhase section */
		33DAF26B1C167B0B0067BB4D /* Sources */ = {
			isa = PBXSourcesBuildPhase;
			buildActionMask = 2147483647;
			files = (
				33DAF27A1C167B0B0067BB4D /* ViewController.m in Sources */,
				33DAF2771C167B0B0067BB4D /* AppDelegate.m in Sources */,
				33DAF2741C167B0B0067BB4D /* main.m in Sources */,
			);
			runOnlyForDeploymentPostprocessing = 0;
		};
		33DAF2841C167B0B0067BB4D /* Sources */ = {
			isa = PBXSourcesBuildPhase;
			buildActionMask = 2147483647;
			files = (
				33DAF28D1C167B0B0067BB4D /* test01Tests.m in Sources */,
			);
			runOnlyForDeploymentPostprocessing = 0;
		};
		33DAF28F1C167B0B0067BB4D /* Sources */ = {
			isa = PBXSourcesBuildPhase;
			buildActionMask = 2147483647;
			files = (
				33DAF2981C167B0B0067BB4D /* test01UITests.m in Sources */,
			);
			runOnlyForDeploymentPostprocessing = 0;
		};
/* End PBXSourcesBuildPhase section */

/* Begin PBXTargetDependency section */
		33DAF28A1C167B0B0067BB4D /* PBXTargetDependency */ = {
			isa = PBXTargetDependency;
			target = 33DAF26E1C167B0B0067BB4D /* test01 */;
			targetProxy = 33DAF2891C167B0B0067BB4D /* PBXContainerItemProxy */;
		};
		33DAF2951C167B0B0067BB4D /* PBXTargetDependency */ = {
			isa = PBXTargetDependency;
			target = 33DAF26E1C167B0B0067BB4D /* test01 */;
			targetProxy = 33DAF2941C167B0B0067BB4D /* PBXContainerItemProxy */;
		};
/* End PBXTargetDependency section */

/* Begin PBXVariantGroup section */
		33DAF27B1C167B0B0067BB4D /* Main.storyboard */ = {
			isa = PBXVariantGroup;
			children = (
				33DAF27C1C167B0B0067BB4D /* Base */,
			);
			name = Main.storyboard;
			sourceTree = "<group>";
		};
		33DAF2801C167B0B0067BB4D /* LaunchScreen.storyboard */ = {
			isa = PBXVariantGroup;
			children = (
				33DAF2811C167B0B0067BB4D /* Base */,
			);
			name = LaunchScreen.storyboard;
			sourceTree = "<group>";
		};
/* End PBXVariantGroup section */

/* Begin XCBuildConfiguration section */
		33DAF29A1C167B0B0067BB4D /* Debug */ = {
			isa = XCBuildConfiguration;
			buildSettings = {
				ALWAYS_SEARCH_USER_PATHS = NO;
				CLANG_CXX_LANGUAGE_STANDARD = "gnu++0x";
				CLANG_CXX_LIBRARY = "libc++";
				CLANG_ENABLE_MODULES = YES;
				CLANG_ENABLE_OBJC_ARC = YES;
				CLANG_WARN_BOOL_CONVERSION = YES;
				CLANG_WARN_CONSTANT_CONVERSION = YES;
				CLANG_WARN_DIRECT_OBJC_ISA_USAGE = YES_ERROR;
				CLANG_WARN_EMPTY_BODY = YES;
				CLANG_WARN_ENUM_CONVERSION = YES;
				CLANG_WARN_INT_CONVERSION = YES;
				CLANG_WARN_OBJC_ROOT_CLASS = YES_ERROR;
				CLANG_WARN_UNREACHABLE_CODE = YES;
				CLANG_WARN__DUPLICATE_METHOD_MATCH = YES;
				"CODE_SIGN_IDENTITY[sdk=iphoneos*]" = "iPhone Developer";
				COPY_PHASE_STRIP = NO;
				DEBUG_INFORMATION_FORMAT = dwarf;
				ENABLE_STRICT_OBJC_MSGSEND = YES;
				ENABLE_TESTABILITY = YES;
				GCC_C_LANGUAGE_STANDARD = gnu99;
				GCC_DYNAMIC_NO_PIC = NO;
				GCC_NO_COMMON_BLOCKS = YES;
				GCC_OPTIMIZATION_LEVEL = 0;
				GCC_PREPROCESSOR_DEFINITIONS = (
					"DEBUG=1",
					"$(inherited)",
				);
				GCC_WARN_64_TO_32_BIT_CONVERSION = YES;
				GCC_WARN_ABOUT_RETURN_TYPE = YES_ERROR;
				GCC_WARN_UNDECLARED_SELECTOR = YES;
				GCC_WARN_UNINITIALIZED_AUTOS = YES_AGGRESSIVE;
				GCC_WARN_UNUSED_FUNCTION = YES;
				GCC_WARN_UNUSED_VARIABLE = YES;
				IPHONEOS_DEPLOYMENT_TARGET = 9.1;
				MTL_ENABLE_DEBUG_INFO = YES;
				ONLY_ACTIVE_ARCH = YES;
				SDKROOT = iphoneos;
			};
			name = Debug;
		};
		33DAF29B1C167B0B0067BB4D /* Release */ = {
			isa = XCBuildConfiguration;
			buildSettings = {
				ALWAYS_SEARCH_USER_PATHS = NO;
				CLANG_CXX_LANGUAGE_STANDARD = "gnu++0x";
				CLANG_CXX_LIBRARY = "libc++";
				CLANG_ENABLE_MODULES = YES;
				CLANG_ENABLE_OBJC_ARC = YES;
				CLANG_WARN_BOOL_CONVERSION = YES;
				CLANG_WARN_CONSTANT_CONVERSION = YES;
				CLANG_WARN_DIRECT_OBJC_ISA_USAGE = YES_ERROR;
				CLANG_WARN_EMPTY_BODY = YES;
				CLANG_WARN_ENUM_CONVERSION = YES;
				CLANG_WARN_INT_CONVERSION = YES;
				CLANG_WARN_OBJC_ROOT_CLASS = YES_ERROR;
				CLANG_WARN_UNREACHABLE_CODE = YES;
				CLANG_WARN__DUPLICATE_METHOD_MATCH = YES;
				"CODE_SIGN_IDENTITY[sdk=iphoneos*]" = "iPhone Developer";
				COPY_PHASE_STRIP = NO;
				DEBUG_INFORMATION_FORMAT = "dwarf-with-dsym";
				ENABLE_NS_ASSERTIONS = NO;
				ENABLE_STRICT_OBJC_MSGSEND = YES;
				GCC_C_LANGUAGE_STANDARD = gnu99;
				GCC_NO_COMMON_BLOCKS = YES;
				GCC_WARN_64_TO_32_BIT_CONVERSION = YES;
				GCC_WARN_ABOUT_RETURN_TYPE = YES_ERROR;
				GCC_WARN_UNDECLARED_SELECTOR = YES;
				GCC_WARN_UNINITIALIZED_AUTOS = YES_AGGRESSIVE;
				GCC_WARN_UNUSED_FUNCTION = YES;
				GCC_WARN_UNUSED_VARIABLE = YES;
				IPHONEOS_DEPLOYMENT_TARGET = 9.1;
				MTL_ENABLE_DEBUG_INFO = NO;
				SDKROOT = iphoneos;
				VALIDATE_PRODUCT = YES;
			};
			name = Release;
		};
		33DAF29D1C167B0B0067BB4D /* Debug */ = {
			isa = XCBuildConfiguration;
			buildSettings = {
				ASSETCATALOG_COMPILER_APPICON_NAME = AppIcon;
				INFOPLIST_FILE = test01/Info.plist;
				LD_RUNPATH_SEARCH_PATHS = "$(inherited) @executable_path/Frameworks";
				PRODUCT_BUNDLE_IDENTIFIER = NQ.test01;
				PRODUCT_NAME = "$(TARGET_NAME)";
			};
			name = Debug;
		};
		33DAF29E1C167B0B0067BB4D /* Release */ = {
			isa = XCBuildConfiguration;
			buildSettings = {
				ASSETCATALOG_COMPILER_APPICON_NAME = AppIcon;
				INFOPLIST_FILE = test01/Info.plist;
				LD_RUNPATH_SEARCH_PATHS = "$(inherited) @executable_path/Frameworks";
				PRODUCT_BUNDLE_IDENTIFIER = NQ.test01;
				PRODUCT_NAME = "$(TARGET_NAME)";
			};
			name = Release;
		};
		33DAF2A01C167B0B0067BB4D /* Debug */ = {
			isa = XCBuildConfiguration;
			buildSettings = {
				BUNDLE_LOADER = "$(TEST_HOST)";
				INFOPLIST_FILE = test01Tests/Info.plist;
				LD_RUNPATH_SEARCH_PATHS = "$(inherited) @executable_path/Frameworks @loader_path/Frameworks";
				PRODUCT_BUNDLE_IDENTIFIER = NQ.test01Tests;
				PRODUCT_NAME = "$(TARGET_NAME)";
				TEST_HOST = "$(BUILT_PRODUCTS_DIR)/test01.app/test01";
			};
			name = Debug;
		};
		33DAF2A11C167B0B0067BB4D /* Release */ = {
			isa = XCBuildConfiguration;
			buildSettings = {
				BUNDLE_LOADER = "$(TEST_HOST)";
				INFOPLIST_FILE = test01Tests/Info.plist;
				LD_RUNPATH_SEARCH_PATHS = "$(inherited) @executable_path/Frameworks @loader_path/Frameworks";
				PRODUCT_BUNDLE_IDENTIFIER = NQ.test01Tests;
				PRODUCT_NAME = "$(TARGET_NAME)";
				TEST_HOST = "$(BUILT_PRODUCTS_DIR)/test01.app/test01";
			};
			name = Release;
		};
		33DAF2A31C167B0B0067BB4D /* Debug */ = {
			isa = XCBuildConfiguration;
			buildSettings = {
				INFOPLIST_FILE = test01UITests/Info.plist;
				LD_RUNPATH_SEARCH_PATHS = "$(inherited) @executable_path/Frameworks @loader_path/Frameworks";
				PRODUCT_BUNDLE_IDENTIFIER = NQ.test01UITests;
				PRODUCT_NAME = "$(TARGET_NAME)";
				TEST_TARGET_NAME = test01;
				USES_XCTRUNNER = YES;
			};
			name = Debug;
		};
		33DAF2A41C167B0B0067BB4D /* Release */ = {
			isa = XCBuildConfiguration;
			buildSettings = {
				INFOPLIST_FILE = test01UITests/Info.plist;
				LD_RUNPATH_SEARCH_PATHS = "$(inherited) @executable_path/Frameworks @loader_path/Frameworks";
				PRODUCT_BUNDLE_IDENTIFIER = NQ.test01UITests;
				PRODUCT_NAME = "$(TARGET_NAME)";
				TEST_TARGET_NAME = test01;
				USES_XCTRUNNER = YES;
			};
			name = Release;
		};
/* End XCBuildConfiguration section */

/* Begin XCConfigurationList section */
		33DAF26A1C167B0B0067BB4D /* Build configuration list for PBXProject "test01" */ = {
			isa = XCConfigurationList;
			buildConfigurations = (
				33DAF29A1C167B0B0067BB4D /* Debug */,
				33DAF29B1C167B0B0067BB4D /* Release */,
			);
			defaultConfigurationIsVisible = 0;
			defaultConfigurationName = Release;
		};
		33DAF29C1C167B0B0067BB4D /* Build configuration list for PBXNativeTarget "test01" */ = {
			isa = XCConfigurationList;
			buildConfigurations = (
				33DAF29D1C167B0B0067BB4D /* Debug */,
				33DAF29E1C167B0B0067BB4D /* Release */,
			);
			defaultConfigurationIsVisible = 0;
		};
		33DAF29F1C167B0B0067BB4D /* Build configuration list for PBXNativeTarget "test01Tests" */ = {
			isa = XCConfigurationList;
			buildConfigurations = (
				33DAF2A01C167B0B0067BB4D /* Debug */,
				33DAF2A11C167B0B0067BB4D /* Release */,
			);
			defaultConfigurationIsVisible = 0;
		};
		33DAF2A21C167B0B0067BB4D /* Build configuration list for PBXNativeTarget "test01UITests" */ = {
			isa = XCConfigurationList;
			buildConfigurations = (
				33DAF2A31C167B0B0067BB4D /* Debug */,
				33DAF2A41C167B0B0067BB4D /* Release */,
			);
			defaultConfigurationIsVisible = 0;
		};
/* End XCConfigurationList section */
	};
	rootObject = 33DAF2671C167B0B0067BB4D /* Project object */;
}
